
Microsoft Visual Studio Solution File, Format Version 12.00
# Visual Studio Version 16
VisualStudioVersion = 16.0.29613.14
MinimumVisualStudioVersion = 10.0.40219.1
Project("{FAE04EC0-301F-11D3-BF4B-00C04F79EFBC}") = "LeaveManagement", "LeaveManagement\LeaveManagement.csproj", "{ECD418A1-D2A6-4516-B58F-0C9B22579768}"
EndProject
Global
	GlobalSection(SolutionConfigurationPlatforms) = preSolution
		Debug|Any CPU = Debug|Any CPU
		Release|Any CPU = Release|Any CPU
	EndGlobalSection
	GlobalSection(ProjectConfigurationPlatforms) = postSolution
		{ECD418A1-D2A6-4516-B58F-0C9B22579768}.Debug|Any CPU.ActiveCfg = Debug|Any CPU
		{ECD418A1-D2A6-4516-B58F-0C9B22579768}.Debug|Any CPU.Build.0 = Debug|Any CPU
		{ECD418A1-D2A6-4516-B58F-0C9B22579768}.Release|Any CPU.ActiveCfg = Release|Any CPU
		{ECD418A1-D2A6-4516-B58F-0C9B22579768}.Release|Any CPU.Build.0 = Release|Any CPU
	EndGlobalSection
	GlobalSection(SolutionProperties) = preSolution
		HideSolutionNode = FALSE
	EndGlobalSection
	GlobalSection(ExtensibilityGlobals) = postSolution
		SolutionGuid = {5F1C4C87-3D08-4CA5-A7B6-764FC4C2B2AF}
	EndGlobalSection
EndGlobal
